
Microsoft Visual Studio Solution File, Format Version 12.00
# Visual Studio Version 17
VisualStudioVersion = 17.9.34622.214
MinimumVisualStudioVersion = 10.0.40219.1
Project("{FAE04EC0-301F-11D3-BF4B-00C04F79EFBC}") = "NNPG2_2024_Uloha_06_Bajer_Lukas", "NNPG2_2024_Uloha_06_Bajer_Lukas.csproj", "{24DC42CD-100E-4199-8B86-8B6BD58FD2B6}"
EndProject
Global
	GlobalSection(SolutionConfigurationPlatforms) = preSolution
		Debug|Any CPU = Debug|Any CPU
		Release|Any CPU = Release|Any CPU
	EndGlobalSection
	GlobalSection(ProjectConfigurationPlatforms) = postSolution
		{24DC42CD-100E-4199-8B86-8B6BD58FD2B6}.Debug|Any CPU.ActiveCfg = Debug|Any CPU
		{24DC42CD-100E-4199-8B86-8B6BD58FD2B6}.Debug|Any CPU.Build.0 = Debug|Any CPU
		{24DC42CD-100E-4199-8B86-8B6BD58FD2B6}.Release|Any CPU.ActiveCfg = Release|Any CPU
		{24DC42CD-100E-4199-8B86-8B6BD58FD2B6}.Release|Any CPU.Build.0 = Release|Any CPU
	EndGlobalSection
	GlobalSection(SolutionProperties) = preSolution
		HideSolutionNode = FALSE
	EndGlobalSection
	GlobalSection(ExtensibilityGlobals) = postSolution
		SolutionGuid = {6A6EA4F4-DD1D-4A84-9A77-AAD4AA4FB473}
	EndGlobalSection
EndGlobal
